
Microsoft Visual Studio Solution File, Format Version 12.00
# Visual Studio Version 16
VisualStudioVersion = 16.0.34114.132
MinimumVisualStudioVersion = 10.0.40219.1
Project("{FAE04EC0-301F-11D3-BF4B-00C04F79EFBC}") = "WebApplication2", "WebApplication2.csproj", "{DEC30DCE-DD0D-4579-BBEB-9DECB5BBE0EA}"
EndProject
Global
	GlobalSection(SolutionConfigurationPlatforms) = preSolution
		Debug|Any CPU = Debug|Any CPU
		Release|Any CPU = Release|Any CPU
	EndGlobalSection
	GlobalSection(ProjectConfigurationPlatforms) = postSolution
		{DEC30DCE-DD0D-4579-BBEB-9DECB5BBE0EA}.Debug|Any CPU.ActiveCfg = Debug|Any CPU
		{DEC30DCE-DD0D-4579-BBEB-9DECB5BBE0EA}.Debug|Any CPU.Build.0 = Debug|Any CPU
		{DEC30DCE-DD0D-4579-BBEB-9DECB5BBE0EA}.Release|Any CPU.ActiveCfg = Release|Any CPU
		{DEC30DCE-DD0D-4579-BBEB-9DECB5BBE0EA}.Release|Any CPU.Build.0 = Release|Any CPU
	EndGlobalSection
	GlobalSection(SolutionProperties) = preSolution
		HideSolutionNode = FALSE
	EndGlobalSection
	GlobalSection(ExtensibilityGlobals) = postSolution
		SolutionGuid = {630AC174-001F-4470-ACB4-6ED42825FB0C}
	EndGlobalSection
EndGlobal
